
Microsoft Visual Studio Solution File, Format Version 12.00
# Visual Studio Version 17
VisualStudioVersion = 17.14.36414.22 d17.14
MinimumVisualStudioVersion = 10.0.40219.1
Project("{FAE04EC0-301F-11D3-BF4B-00C04F79EFBC}") = "examples", "examples\examples.csproj", "{64A2382E-0E14-4925-BE62-025F2D2DE385}"
EndProject
Global
	GlobalSection(SolutionConfigurationPlatforms) = preSolution
		Debug|Any CPU = Debug|Any CPU
		Release|Any CPU = Release|Any CPU
	EndGlobalSection
	GlobalSection(ProjectConfigurationPlatforms) = postSolution
		{64A2382E-0E14-4925-BE62-025F2D2DE385}.Debug|Any CPU.ActiveCfg = Debug|Any CPU
		{64A2382E-0E14-4925-BE62-025F2D2DE385}.Debug|Any CPU.Build.0 = Debug|Any CPU
		{64A2382E-0E14-4925-BE62-025F2D2DE385}.Release|Any CPU.ActiveCfg = Release|Any CPU
		{64A2382E-0E14-4925-BE62-025F2D2DE385}.Release|Any CPU.Build.0 = Release|Any CPU
	EndGlobalSection
	GlobalSection(SolutionProperties) = preSolution
		HideSolutionNode = FALSE
	EndGlobalSection
	GlobalSection(ExtensibilityGlobals) = postSolution
		SolutionGuid = {949B2336-F15A-4726-A570-A5C352AA8DCD}
	EndGlobalSection
EndGlobal
